
Microsoft Visual Studio Solution File, Format Version 11.00
# Visual Studio 2010
Project("{FAE04EC0-301F-11D3-BF4B-00C04F79EFBC}") = "Assembly-CSharp", "Assembly-CSharp.csproj", "{14F00169-37B5-D3B6-277E-006A5C967F1B}"
EndProject
Global
	GlobalSection(SolutionConfigurationPlatforms) = preSolution
		Debug|Any CPU = Debug|Any CPU
		Release|Any CPU = Release|Any CPU
	EndGlobalSection
	GlobalSection(ProjectConfigurationPlatforms) = postSolution
		{14F00169-37B5-D3B6-277E-006A5C967F1B}.Debug|Any CPU.ActiveCfg = Debug|Any CPU
		{14F00169-37B5-D3B6-277E-006A5C967F1B}.Debug|Any CPU.Build.0 = Debug|Any CPU
		{14F00169-37B5-D3B6-277E-006A5C967F1B}.Release|Any CPU.ActiveCfg = Release|Any CPU
		{14F00169-37B5-D3B6-277E-006A5C967F1B}.Release|Any CPU.Build.0 = Release|Any CPU
	EndGlobalSection
	GlobalSection(SolutionProperties) = preSolution
		HideSolutionNode = FALSE
	EndGlobalSection
EndGlobal
